// !$*UTF8*$!
{
	archiveVersion = 1;
	classes = {
	};
	objectVersion = 50;
	objects = {

/* Begin PBXBuildFile section */
		A4110B5E2337CD6E00587C08 /* EmojiCollectionViewCell.swift in Sources */ = {isa = PBXBuildFile; fileRef = A4110B5D2337CD6E00587C08 /* EmojiCollectionViewCell.swift */; };
		A4C898B72336B06400623EDD /* AppDelegate.swift in Sources */ = {isa = PBXBuildFile; fileRef = A4C898B62336B06400623EDD /* AppDelegate.swift */; };
		A4C898B92336B06400623EDD /* SceneDelegate.swift in Sources */ = {isa = PBXBuildFile; fileRef = A4C898B82336B06400623EDD /* SceneDelegate.swift */; };
		A4C898C02336B06600623EDD /* Assets.xcassets in Resources */ = {isa = PBXBuildFile; fileRef = A4C898BF2336B06600623EDD /* Assets.xcassets */; };
		A4C898C32336B06600623EDD /* LaunchScreen.storyboard in Resources */ = {isa = PBXBuildFile; fileRef = A4C898C12336B06600623EDD /* LaunchScreen.storyboard */; };
		A4C898D92336B8A200623EDD /* EmojiArtViewController.swift in Sources */ = {isa = PBXBuildFile; fileRef = A4C898D62336B8A200623EDD /* EmojiArtViewController.swift */; };
		A4C898DA2336B8A200623EDD /* EmojiArtView.swift in Sources */ = {isa = PBXBuildFile; fileRef = A4C898D72336B8A200623EDD /* EmojiArtView.swift */; };
		A4C898DB2336B8A200623EDD /* EmojiArtDocumentTableViewController.swift in Sources */ = {isa = PBXBuildFile; fileRef = A4C898D82336B8A200623EDD /* EmojiArtDocumentTableViewController.swift */; };
		A4C898DE2336B8D900623EDD /* Main.storyboard in Resources */ = {isa = PBXBuildFile; fileRef = A4C898DC2336B8D900623EDD /* Main.storyboard */; };
		A4C898E02336B8F000623EDD /* Utilities.swift in Sources */ = {isa = PBXBuildFile; fileRef = A4C898DF2336B8F000623EDD /* Utilities.swift */; };
/* End PBXBuildFile section */

/* Begin PBXFileReference section */
		A4110B5D2337CD6E00587C08 /* EmojiCollectionViewCell.swift */ = {isa = PBXFileReference; lastKnownFileType = sourcecode.swift; path = EmojiCollectionViewCell.swift; sourceTree = "<group>"; };
		A4C898B32336B06400623EDD /* EmojiArt.app */ = {isa = PBXFileReference; explicitFileType = wrapper.application; includeInIndex = 0; path = EmojiArt.app; sourceTree = BUILT_PRODUCTS_DIR; };
		A4C898B62336B06400623EDD /* AppDelegate.swift */ = {isa = PBXFileReference; lastKnownFileType = sourcecode.swift; path = AppDelegate.swift; sourceTree = "<group>"; };
		A4C898B82336B06400623EDD /* SceneDelegate.swift */ = {isa = PBXFileReference; lastKnownFileType = sourcecode.swift; path = SceneDelegate.swift; sourceTree = "<group>"; };
		A4C898BF2336B06600623EDD /* Assets.xcassets */ = {isa = PBXFileReference; lastKnownFileType = folder.assetcatalog; path = Assets.xcassets; sourceTree = "<group>"; };
		A4C898C22336B06600623EDD /* Base */ = {isa = PBXFileReference; lastKnownFileType = file.storyboard; name = Base; path = Base.lproj/LaunchScreen.storyboard; sourceTree = "<group>"; };
		A4C898C42336B06600623EDD /* Info.plist */ = {isa = PBXFileReference; lastKnownFileType = text.plist.xml; path = Info.plist; sourceTree = "<group>"; };
		A4C898D62336B8A200623EDD /* EmojiArtViewController.swift */ = {isa = PBXFileReference; fileEncoding = 4; lastKnownFileType = sourcecode.swift; path = EmojiArtViewController.swift; sourceTree = "<group>"; };
		A4C898D72336B8A200623EDD /* EmojiArtView.swift */ = {isa = PBXFileReference; fileEncoding = 4; lastKnownFileType = sourcecode.swift; path = EmojiArtView.swift; sourceTree = "<group>"; };
		A4C898D82336B8A200623EDD /* EmojiArtDocumentTableViewController.swift */ = {isa = PBXFileReference; fileEncoding = 4; lastKnownFileType = sourcecode.swift; path = EmojiArtDocumentTableViewController.swift; sourceTree = "<group>"; };
		A4C898DD2336B8D900623EDD /* Base */ = {isa = PBXFileReference; lastKnownFileType = file.storyboard; name = Base; path = Base.lproj/Main.storyboard; sourceTree = "<group>"; };
		A4C898DF2336B8F000623EDD /* Utilities.swift */ = {isa = PBXFileReference; fileEncoding = 4; lastKnownFileType = sourcecode.swift; path = Utilities.swift; sourceTree = "<group>"; };
/* End PBXFileReference section */

/* Begin PBXFrameworksBuildPhase section */
		A4C898B02336B06400623EDD /* Frameworks */ = {
			isa = PBXFrameworksBuildPhase;
			buildActionMask = 2147483647;
			files = (
			);
			runOnlyForDeploymentPostprocessing = 0;
		};
/* End PBXFrameworksBuildPhase section */

/* Begin PBXGroup section */
		A4C898AA2336B06400623EDD = {
			isa = PBXGroup;
			children = (
				A4C898B52336B06400623EDD /* EmojiArt */,
				A4C898B42336B06400623EDD /* Products */,
			);
			sourceTree = "<group>";
		};
		A4C898B42336B06400623EDD /* Products */ = {
			isa = PBXGroup;
			children = (
				A4C898B32336B06400623EDD /* EmojiArt.app */,
			);
			name = Products;
			sourceTree = "<group>";
		};
		A4C898B52336B06400623EDD /* EmojiArt */ = {
			isa = PBXGroup;
			children = (
				A4110B5D2337CD6E00587C08 /* EmojiCollectionViewCell.swift */,
				A4C898D82336B8A200623EDD /* EmojiArtDocumentTableViewController.swift */,
				A4C898D72336B8A200623EDD /* EmojiArtView.swift */,
				A4C898D62336B8A200623EDD /* EmojiArtViewController.swift */,
				A4C898DC2336B8D900623EDD /* Main.storyboard */,
				A4C898CA2336B14B00623EDD /* Supporting Files */,
				A4C898C42336B06600623EDD /* Info.plist */,
			);
			path = EmojiArt;
			sourceTree = "<group>";
		};
		A4C898CA2336B14B00623EDD /* Supporting Files */ = {
			isa = PBXGroup;
			children = (
				A4C898DF2336B8F000623EDD /* Utilities.swift */,
				A4C898B62336B06400623EDD /* AppDelegate.swift */,
				A4C898B82336B06400623EDD /* SceneDelegate.swift */,
				A4C898BF2336B06600623EDD /* Assets.xcassets */,
				A4C898C12336B06600623EDD /* LaunchScreen.storyboard */,
			);
			path = "Supporting Files";
			sourceTree = "<group>";
		};
/* End PBXGroup section */

/* Begin PBXNativeTarget section */
		A4C898B22336B06400623EDD /* EmojiArt */ = {
			isa = PBXNativeTarget;
			buildConfigurationList = A4C898C72336B06600623EDD /* Build configuration list for PBXNativeTarget "EmojiArt" */;
			buildPhases = (
				A4C898AF2336B06400623EDD /* Sources */,
				A4C898B02336B06400623EDD /* Frameworks */,
				A4C898B12336B06400623EDD /* Resources */,
			);
			buildRules = (
			);
			dependencies = (
			);
			name = EmojiArt;
			productName = EmojiArt;
			productReference = A4C898B32336B06400623EDD /* EmojiArt.app */;
			productType = "com.apple.product-type.application";
		};
/* End PBXNativeTarget section */

/* Begin PBXProject section */
		A4C898AB2336B06400623EDD /* Project object */ = {
			isa = PBXProject;
			attributes = {
				LastSwiftUpdateCheck = 1100;
				LastUpgradeCheck = 1100;
				ORGANIZATIONNAME = "Mitko Nikolov";
				TargetAttributes = {
					A4C898B22336B06400623EDD = {
						CreatedOnToolsVersion = 11.0;
					};
				};
			};
			buildConfigurationList = A4C898AE2336B06400623EDD /* Build configuration list for PBXProject "EmojiArt" */;
			compatibilityVersion = "Xcode 9.3";
			developmentRegion = en;
			hasScannedForEncodings = 0;
			knownRegions = (
				en,
				Base,
			);
			mainGroup = A4C898AA2336B06400623EDD;
			productRefGroup = A4C898B42336B06400623EDD /* Products */;
			projectDirPath = "";
			projectRoot = "";
			targets = (
				A4C898B22336B06400623EDD /* EmojiArt */,
			);
		};
/* End PBXProject section */

/* Begin PBXResourcesBuildPhase section */
		A4C898B12336B06400623EDD /* Resources */ = {
			isa = PBXResourcesBuildPhase;
			buildActionMask = 2147483647;
			files = (
				A4C898DE2336B8D900623EDD /* Main.storyboard in Resources */,
				A4C898C32336B06600623EDD /* LaunchScreen.storyboard in Resources */,
				A4C898C02336B06600623EDD /* Assets.xcassets in Resources */,
			);
			runOnlyForDeploymentPostprocessing = 0;
		};
/* End PBXResourcesBuildPhase section */

/* Begin PBXSourcesBuildPhase section */
		A4C898AF2336B06400623EDD /* Sources */ = {
			isa = PBXSourcesBuildPhase;
			buildActionMask = 2147483647;
			files = (
				A4110B5E2337CD6E00587C08 /* EmojiCollectionViewCell.swift in Sources */,
				A4C898E02336B8F000623EDD /* Utilities.swift in Sources */,
				A4C898DB2336B8A200623EDD /* EmojiArtDocumentTableViewController.swift in Sources */,
				A4C898DA2336B8A200623EDD /* EmojiArtView.swift in Sources */,
				A4C898D92336B8A200623EDD /* EmojiArtViewController.swift in Sources */,
				A4C898B72336B06400623EDD /* AppDelegate.swift in Sources */,
				A4C898B92336B06400623EDD /* SceneDelegate.swift in Sources */,
			);
			runOnlyForDeploymentPostprocessing = 0;
		};
/* End PBXSourcesBuildPhase section */

/* Begin PBXVariantGroup section */
		A4C898C12336B06600623EDD /* LaunchScreen.storyboard */ = {
			isa = PBXVariantGroup;
			children = (
				A4C898C22336B06600623EDD /* Base */,
			);
			name = LaunchScreen.storyboard;
			sourceTree = "<group>";
		};
		A4C898DC2336B8D900623EDD /* Main.storyboard */ = {
			isa = PBXVariantGroup;
			children = (
				A4C898DD2336B8D900623EDD /* Base */,
			);
			name = Main.storyboard;
			sourceTree = "<group>";
		};
/* End PBXVariantGroup section */

/* Begin XCBuildConfiguration section */
		A4C898C52336B06600623EDD /* Debug */ = {
			isa = XCBuildConfiguration;
			buildSettings = {
				ALWAYS_SEARCH_USER_PATHS = NO;
				CLANG_ANALYZER_NONNULL = YES;
				CLANG_ANALYZER_NUMBER_OBJECT_CONVERSION = YES_AGGRESSIVE;
				CLANG_CXX_LANGUAGE_STANDARD = "gnu++14";
				CLANG_CXX_LIBRARY = "libc++";
				CLANG_ENABLE_MODULES = YES;
				CLANG_ENABLE_OBJC_ARC = YES;
				CLANG_ENABLE_OBJC_WEAK = YES;
				CLANG_WARN_BLOCK_CAPTURE_AUTORELEASING = YES;
				CLANG_WARN_BOOL_CONVERSION = YES;
				CLANG_WARN_COMMA = YES;
				CLANG_WARN_CONSTANT_CONVERSION = YES;
				CLANG_WARN_DEPRECATED_OBJC_IMPLEMENTATIONS = YES;
				CLANG_WARN_DIRECT_OBJC_ISA_USAGE = YES_ERROR;
				CLANG_WARN_DOCUMENTATION_COMMENTS = YES;
				CLANG_WARN_EMPTY_BODY = YES;
				CLANG_WARN_ENUM_CONVERSION = YES;
				CLANG_WARN_INFINITE_RECURSION = YES;
				CLANG_WARN_INT_CONVERSION = YES;
				CLANG_WARN_NON_LITERAL_NULL_CONVERSION = YES;
				CLANG_WARN_OBJC_IMPLICIT_RETAIN_SELF = YES;
				CLANG_WARN_OBJC_LITERAL_CONVERSION = YES;
				CLANG_WARN_OBJC_ROOT_CLASS = YES_ERROR;
				CLANG_WARN_RANGE_LOOP_ANALYSIS = YES;
				CLANG_WARN_STRICT_PROTOTYPES = YES;
				CLANG_WARN_SUSPICIOUS_MOVE = YES;
				CLANG_WARN_UNGUARDED_AVAILABILITY = YES_AGGRESSIVE;
				CLANG_WARN_UNREACHABLE_CODE = YES;
				CLANG_WARN__DUPLICATE_METHOD_MATCH = YES;
				COPY_PHASE_STRIP = NO;
				DEBUG_INFORMATION_FORMAT = dwarf;
				ENABLE_STRICT_OBJC_MSGSEND = YES;
				ENABLE_TESTABILITY = YES;
				GCC_C_LANGUAGE_STANDARD = gnu11;
				GCC_DYNAMIC_NO_PIC = NO;
				GCC_NO_COMMON_BLOCKS = YES;
				GCC_OPTIMIZATION_LEVEL = 0;
				GCC_PREPROCESSOR_DEFINITIONS = (
					"DEBUG=1",
					"$(inherited)",
				);
				GCC_WARN_64_TO_32_BIT_CONVERSION = YES;
				GCC_WARN_ABOUT_RETURN_TYPE = YES_ERROR;
				GCC_WARN_UNDECLARED_SELECTOR = YES;
				GCC_WARN_UNINITIALIZED_AUTOS = YES_AGGRESSIVE;
				GCC_WARN_UNUSED_FUNCTION = YES;
				GCC_WARN_UNUSED_VARIABLE = YES;
				IPHONEOS_DEPLOYMENT_TARGET = 13.0;
				MTL_ENABLE_DEBUG_INFO = INCLUDE_SOURCE;
				MTL_FAST_MATH = YES;
				ONLY_ACTIVE_ARCH = YES;
				SDKROOT = iphoneos;
				SWIFT_ACTIVE_COMPILATION_CONDITIONS = DEBUG;
				SWIFT_OPTIMIZATION_LEVEL = "-Onone";
			};
			name = Debug;
		};
		A4C898C62336B06600623EDD /* Release */ = {
			isa = XCBuildConfiguration;
			buildSettings = {
				ALWAYS_SEARCH_USER_PATHS = NO;
				CLANG_ANALYZER_NONNULL = YES;
				CLANG_ANALYZER_NUMBER_OBJECT_CONVERSION = YES_AGGRESSIVE;
				CLANG_CXX_LANGUAGE_STANDARD = "gnu++14";
				CLANG_CXX_LIBRARY = "libc++";
				CLANG_ENABLE_MODULES = YES;
				CLANG_ENABLE_OBJC_ARC = YES;
				CLANG_ENABLE_OBJC_WEAK = YES;
				CLANG_WARN_BLOCK_CAPTURE_AUTORELEASING = YES;
				CLANG_WARN_BOOL_CONVERSION = YES;
				CLANG_WARN_COMMA = YES;
				CLANG_WARN_CONSTANT_CONVERSION = YES;
				CLANG_WARN_DEPRECATED_OBJC_IMPLEMENTATIONS = YES;
				CLANG_WARN_DIRECT_OBJC_ISA_USAGE = YES_ERROR;
				CLANG_WARN_DOCUMENTATION_COMMENTS = YES;
				CLANG_WARN_EMPTY_BODY = YES;
				CLANG_WARN_ENUM_CONVERSION = YES;
				CLANG_WARN_INFINITE_RECURSION = YES;
				CLANG_WARN_INT_CONVERSION = YES;
				CLANG_WARN_NON_LITERAL_NULL_CONVERSION = YES;
				CLANG_WARN_OBJC_IMPLICIT_RETAIN_SELF = YES;
				CLANG_WARN_OBJC_LITERAL_CONVERSION = YES;
				CLANG_WARN_OBJC_ROOT_CLASS = YES_ERROR;
				CLANG_WARN_RANGE_LOOP_ANALYSIS = YES;
				CLANG_WARN_STRICT_PROTOTYPES = YES;
				CLANG_WARN_SUSPICIOUS_MOVE = YES;
				CLANG_WARN_UNGUARDED_AVAILABILITY = YES_AGGRESSIVE;
				CLANG_WARN_UNREACHABLE_CODE = YES;
				CLANG_WARN__DUPLICATE_METHOD_MATCH = YES;
				COPY_PHASE_STRIP = NO;
				DEBUG_INFORMATION_FORMAT = "dwarf-with-dsym";
				ENABLE_NS_ASSERTIONS = NO;
				ENABLE_STRICT_OBJC_MSGSEND = YES;
				GCC_C_LANGUAGE_STANDARD = gnu11;
				GCC_NO_COMMON_BLOCKS = YES;
				GCC_WARN_64_TO_32_BIT_CONVERSION = YES;
				GCC_WARN_ABOUT_RETURN_TYPE = YES_ERROR;
				GCC_WARN_UNDECLARED_SELECTOR = YES;
				GCC_WARN_UNINITIALIZED_AUTOS = YES_AGGRESSIVE;
				GCC_WARN_UNUSED_FUNCTION = YES;
				GCC_WARN_UNUSED_VARIABLE = YES;
				IPHONEOS_DEPLOYMENT_TARGET = 13.0;
				MTL_ENABLE_DEBUG_INFO = NO;
				MTL_FAST_MATH = YES;
				SDKROOT = iphoneos;
				SWIFT_COMPILATION_MODE = wholemodule;
				SWIFT_OPTIMIZATION_LEVEL = "-O";
				VALIDATE_PRODUCT = YES;
			};
			name = Release;
		};
		A4C898C82336B06600623EDD /* Debug */ = {
			isa = XCBuildConfiguration;
			buildSettings = {
				ASSETCATALOG_COMPILER_APPICON_NAME = AppIcon;
				CODE_SIGN_STYLE = Automatic;
				DEVELOPMENT_TEAM = 29GS565N7V;
				INFOPLIST_FILE = EmojiArt/Info.plist;
				LD_RUNPATH_SEARCH_PATHS = (
					"$(inherited)",
					"@executable_path/Frameworks",
				);
				PRODUCT_BUNDLE_IDENTIFIER = MitkoNNikolov.EmojiArt;
				PRODUCT_NAME = "$(TARGET_NAME)";
				SWIFT_VERSION = 5.0;
				TARGETED_DEVICE_FAMILY = "1,2";
			};
			name = Debug;
		};
		A4C898C92336B06600623EDD /* Release */ = {
			isa = XCBuildConfiguration;
			buildSettings = {
				ASSETCATALOG_COMPILER_APPICON_NAME = AppIcon;
				CODE_SIGN_STYLE = Automatic;
				DEVELOPMENT_TEAM = 29GS565N7V;
				INFOPLIST_FILE = EmojiArt/Info.plist;
				LD_RUNPATH_SEARCH_PATHS = (
					"$(inherited)",
					"@executable_path/Frameworks",
				);
				PRODUCT_BUNDLE_IDENTIFIER = MitkoNNikolov.EmojiArt;
				PRODUCT_NAME = "$(TARGET_NAME)";
				SWIFT_VERSION = 5.0;
				TARGETED_DEVICE_FAMILY = "1,2";
			};
			name = Release;
		};
/* End XCBuildConfiguration section */

/* Begin XCConfigurationList section */
		A4C898AE2336B06400623EDD /* Build configuration list for PBXProject "EmojiArt" */ = {
			isa = XCConfigurationList;
			buildConfigurations = (
				A4C898C52336B06600623EDD /* Debug */,
				A4C898C62336B06600623EDD /* Release */,
			);
			defaultConfigurationIsVisible = 0;
			defaultConfigurationName = Release;
		};
		A4C898C72336B06600623EDD /* Build configuration list for PBXNativeTarget "EmojiArt" */ = {
			isa = XCConfigurationList;
			buildConfigurations = (
				A4C898C82336B06600623EDD /* Debug */,
				A4C898C92336B06600623EDD /* Release */,
			);
			defaultConfigurationIsVisible = 0;
			defaultConfigurationName = Release;
		};
/* End XCConfigurationList section */
	};
	rootObject = A4C898AB2336B06400623EDD /* Project object */;
}
