// !$*UTF8*$!
{
	archiveVersion = 1;
	classes = {
	};
	objectVersion = 48;
	objects = {

/* Begin PBXBuildFile section */
		A48A355D21D01849002C70A1 /* Card.swift in Sources */ = {isa = PBXBuildFile; fileRef = A48A355C21D01849002C70A1 /* Card.swift */; };
		A49311511FEFC46600E77EAD /* AppDelegate.swift in Sources */ = {isa = PBXBuildFile; fileRef = A49311501FEFC46600E77EAD /* AppDelegate.swift */; };
		A49311531FEFC46600E77EAD /* ViewController.swift in Sources */ = {isa = PBXBuildFile; fileRef = A49311521FEFC46600E77EAD /* ViewController.swift */; };
		A49311561FEFC46600E77EAD /* Main.storyboard in Resources */ = {isa = PBXBuildFile; fileRef = A49311541FEFC46600E77EAD /* Main.storyboard */; };
		A49311581FEFC46600E77EAD /* Assets.xcassets in Resources */ = {isa = PBXBuildFile; fileRef = A49311571FEFC46600E77EAD /* Assets.xcassets */; };
		A493115B1FEFC46600E77EAD /* LaunchScreen.storyboard in Resources */ = {isa = PBXBuildFile; fileRef = A49311591FEFC46600E77EAD /* LaunchScreen.storyboard */; };
		A49311661FEFC46600E77EAD /* ConcentrationTests.swift in Sources */ = {isa = PBXBuildFile; fileRef = A49311651FEFC46600E77EAD /* ConcentrationTests.swift */; };
		A49311711FEFC46600E77EAD /* ConcentrationUITests.swift in Sources */ = {isa = PBXBuildFile; fileRef = A49311701FEFC46600E77EAD /* ConcentrationUITests.swift */; };
		A4E8F96E1FF93DAE00502E73 /* Concentration.swift in Sources */ = {isa = PBXBuildFile; fileRef = A4E8F96D1FF93DAE00502E73 /* Concentration.swift */; };
/* End PBXBuildFile section */

/* Begin PBXContainerItemProxy section */
		A49311621FEFC46600E77EAD /* PBXContainerItemProxy */ = {
			isa = PBXContainerItemProxy;
			containerPortal = A49311451FEFC46600E77EAD /* Project object */;
			proxyType = 1;
			remoteGlobalIDString = A493114C1FEFC46600E77EAD;
			remoteInfo = Concentration;
		};
		A493116D1FEFC46600E77EAD /* PBXContainerItemProxy */ = {
			isa = PBXContainerItemProxy;
			containerPortal = A49311451FEFC46600E77EAD /* Project object */;
			proxyType = 1;
			remoteGlobalIDString = A493114C1FEFC46600E77EAD;
			remoteInfo = Concentration;
		};
/* End PBXContainerItemProxy section */

/* Begin PBXFileReference section */
		A48A355C21D01849002C70A1 /* Card.swift */ = {isa = PBXFileReference; lastKnownFileType = sourcecode.swift; path = Card.swift; sourceTree = "<group>"; };
		A493114D1FEFC46600E77EAD /* Concentration.app */ = {isa = PBXFileReference; explicitFileType = wrapper.application; includeInIndex = 0; path = Concentration.app; sourceTree = BUILT_PRODUCTS_DIR; };
		A49311501FEFC46600E77EAD /* AppDelegate.swift */ = {isa = PBXFileReference; lastKnownFileType = sourcecode.swift; path = AppDelegate.swift; sourceTree = "<group>"; };
		A49311521FEFC46600E77EAD /* ViewController.swift */ = {isa = PBXFileReference; lastKnownFileType = sourcecode.swift; path = ViewController.swift; sourceTree = "<group>"; };
		A49311551FEFC46600E77EAD /* Base */ = {isa = PBXFileReference; lastKnownFileType = file.storyboard; name = Base; path = Base.lproj/Main.storyboard; sourceTree = "<group>"; };
		A49311571FEFC46600E77EAD /* Assets.xcassets */ = {isa = PBXFileReference; lastKnownFileType = folder.assetcatalog; path = Assets.xcassets; sourceTree = "<group>"; };
		A493115A1FEFC46600E77EAD /* Base */ = {isa = PBXFileReference; lastKnownFileType = file.storyboard; name = Base; path = Base.lproj/LaunchScreen.storyboard; sourceTree = "<group>"; };
		A493115C1FEFC46600E77EAD /* Info.plist */ = {isa = PBXFileReference; lastKnownFileType = text.plist.xml; path = Info.plist; sourceTree = "<group>"; };
		A49311611FEFC46600E77EAD /* ConcentrationTests.xctest */ = {isa = PBXFileReference; explicitFileType = wrapper.cfbundle; includeInIndex = 0; path = ConcentrationTests.xctest; sourceTree = BUILT_PRODUCTS_DIR; };
		A49311651FEFC46600E77EAD /* ConcentrationTests.swift */ = {isa = PBXFileReference; lastKnownFileType = sourcecode.swift; path = ConcentrationTests.swift; sourceTree = "<group>"; };
		A49311671FEFC46600E77EAD /* Info.plist */ = {isa = PBXFileReference; lastKnownFileType = text.plist.xml; path = Info.plist; sourceTree = "<group>"; };
		A493116C1FEFC46600E77EAD /* ConcentrationUITests.xctest */ = {isa = PBXFileReference; explicitFileType = wrapper.cfbundle; includeInIndex = 0; path = ConcentrationUITests.xctest; sourceTree = BUILT_PRODUCTS_DIR; };
		A49311701FEFC46600E77EAD /* ConcentrationUITests.swift */ = {isa = PBXFileReference; lastKnownFileType = sourcecode.swift; path = ConcentrationUITests.swift; sourceTree = "<group>"; };
		A49311721FEFC46600E77EAD /* Info.plist */ = {isa = PBXFileReference; lastKnownFileType = text.plist.xml; path = Info.plist; sourceTree = "<group>"; };
		A4E8F96D1FF93DAE00502E73 /* Concentration.swift */ = {isa = PBXFileReference; lastKnownFileType = sourcecode.swift; path = Concentration.swift; sourceTree = "<group>"; };
/* End PBXFileReference section */

/* Begin PBXFrameworksBuildPhase section */
		A493114A1FEFC46600E77EAD /* Frameworks */ = {
			isa = PBXFrameworksBuildPhase;
			buildActionMask = 2147483647;
			files = (
			);
			runOnlyForDeploymentPostprocessing = 0;
		};
		A493115E1FEFC46600E77EAD /* Frameworks */ = {
			isa = PBXFrameworksBuildPhase;
			buildActionMask = 2147483647;
			files = (
			);
			runOnlyForDeploymentPostprocessing = 0;
		};
		A49311691FEFC46600E77EAD /* Frameworks */ = {
			isa = PBXFrameworksBuildPhase;
			buildActionMask = 2147483647;
			files = (
			);
			runOnlyForDeploymentPostprocessing = 0;
		};
/* End PBXFrameworksBuildPhase section */

/* Begin PBXGroup section */
		A49311441FEFC46600E77EAD = {
			isa = PBXGroup;
			children = (
				A493114F1FEFC46600E77EAD /* Concentration */,
				A49311641FEFC46600E77EAD /* ConcentrationTests */,
				A493116F1FEFC46600E77EAD /* ConcentrationUITests */,
				A493114E1FEFC46600E77EAD /* Products */,
			);
			sourceTree = "<group>";
		};
		A493114E1FEFC46600E77EAD /* Products */ = {
			isa = PBXGroup;
			children = (
				A493114D1FEFC46600E77EAD /* Concentration.app */,
				A49311611FEFC46600E77EAD /* ConcentrationTests.xctest */,
				A493116C1FEFC46600E77EAD /* ConcentrationUITests.xctest */,
			);
			name = Products;
			sourceTree = "<group>";
		};
		A493114F1FEFC46600E77EAD /* Concentration */ = {
			isa = PBXGroup;
			children = (
				A49311521FEFC46600E77EAD /* ViewController.swift */,
				A49311541FEFC46600E77EAD /* Main.storyboard */,
				A4E8F96D1FF93DAE00502E73 /* Concentration.swift */,
				A48A355C21D01849002C70A1 /* Card.swift */,
				A493115C1FEFC46600E77EAD /* Info.plist */,
				A493117F1FEFC4E300E77EAD /* Supporting files */,
			);
			path = Concentration;
			sourceTree = "<group>";
		};
		A49311641FEFC46600E77EAD /* ConcentrationTests */ = {
			isa = PBXGroup;
			children = (
				A49311651FEFC46600E77EAD /* ConcentrationTests.swift */,
				A49311671FEFC46600E77EAD /* Info.plist */,
			);
			path = ConcentrationTests;
			sourceTree = "<group>";
		};
		A493116F1FEFC46600E77EAD /* ConcentrationUITests */ = {
			isa = PBXGroup;
			children = (
				A49311701FEFC46600E77EAD /* ConcentrationUITests.swift */,
				A49311721FEFC46600E77EAD /* Info.plist */,
			);
			path = ConcentrationUITests;
			sourceTree = "<group>";
		};
		A493117F1FEFC4E300E77EAD /* Supporting files */ = {
			isa = PBXGroup;
			children = (
				A49311501FEFC46600E77EAD /* AppDelegate.swift */,
				A49311571FEFC46600E77EAD /* Assets.xcassets */,
				A49311591FEFC46600E77EAD /* LaunchScreen.storyboard */,
			);
			path = "Supporting files";
			sourceTree = "<group>";
		};
/* End PBXGroup section */

/* Begin PBXNativeTarget section */
		A493114C1FEFC46600E77EAD /* Concentration */ = {
			isa = PBXNativeTarget;
			buildConfigurationList = A49311751FEFC46600E77EAD /* Build configuration list for PBXNativeTarget "Concentration" */;
			buildPhases = (
				A49311491FEFC46600E77EAD /* Sources */,
				A493114A1FEFC46600E77EAD /* Frameworks */,
				A493114B1FEFC46600E77EAD /* Resources */,
			);
			buildRules = (
			);
			dependencies = (
			);
			name = Concentration;
			productName = Concentration;
			productReference = A493114D1FEFC46600E77EAD /* Concentration.app */;
			productType = "com.apple.product-type.application";
		};
		A49311601FEFC46600E77EAD /* ConcentrationTests */ = {
			isa = PBXNativeTarget;
			buildConfigurationList = A49311781FEFC46600E77EAD /* Build configuration list for PBXNativeTarget "ConcentrationTests" */;
			buildPhases = (
				A493115D1FEFC46600E77EAD /* Sources */,
				A493115E1FEFC46600E77EAD /* Frameworks */,
				A493115F1FEFC46600E77EAD /* Resources */,
			);
			buildRules = (
			);
			dependencies = (
				A49311631FEFC46600E77EAD /* PBXTargetDependency */,
			);
			name = ConcentrationTests;
			productName = ConcentrationTests;
			productReference = A49311611FEFC46600E77EAD /* ConcentrationTests.xctest */;
			productType = "com.apple.product-type.bundle.unit-test";
		};
		A493116B1FEFC46600E77EAD /* ConcentrationUITests */ = {
			isa = PBXNativeTarget;
			buildConfigurationList = A493117B1FEFC46600E77EAD /* Build configuration list for PBXNativeTarget "ConcentrationUITests" */;
			buildPhases = (
				A49311681FEFC46600E77EAD /* Sources */,
				A49311691FEFC46600E77EAD /* Frameworks */,
				A493116A1FEFC46600E77EAD /* Resources */,
			);
			buildRules = (
			);
			dependencies = (
				A493116E1FEFC46600E77EAD /* PBXTargetDependency */,
			);
			name = ConcentrationUITests;
			productName = ConcentrationUITests;
			productReference = A493116C1FEFC46600E77EAD /* ConcentrationUITests.xctest */;
			productType = "com.apple.product-type.bundle.ui-testing";
		};
/* End PBXNativeTarget section */

/* Begin PBXProject section */
		A49311451FEFC46600E77EAD /* Project object */ = {
			isa = PBXProject;
			attributes = {
				LastSwiftUpdateCheck = 0920;
				LastUpgradeCheck = 1010;
				ORGANIZATIONNAME = "Mitko Nikolov";
				TargetAttributes = {
					A493114C1FEFC46600E77EAD = {
						CreatedOnToolsVersion = 9.2;
						LastSwiftMigration = 1010;
						ProvisioningStyle = Automatic;
					};
					A49311601FEFC46600E77EAD = {
						CreatedOnToolsVersion = 9.2;
						LastSwiftMigration = 1010;
						ProvisioningStyle = Automatic;
						TestTargetID = A493114C1FEFC46600E77EAD;
					};
					A493116B1FEFC46600E77EAD = {
						CreatedOnToolsVersion = 9.2;
						LastSwiftMigration = 1010;
						ProvisioningStyle = Automatic;
						TestTargetID = A493114C1FEFC46600E77EAD;
					};
				};
			};
			buildConfigurationList = A49311481FEFC46600E77EAD /* Build configuration list for PBXProject "Concentration" */;
			compatibilityVersion = "Xcode 8.0";
			developmentRegion = en;
			hasScannedForEncodings = 0;
			knownRegions = (
				en,
				Base,
			);
			mainGroup = A49311441FEFC46600E77EAD;
			productRefGroup = A493114E1FEFC46600E77EAD /* Products */;
			projectDirPath = "";
			projectRoot = "";
			targets = (
				A493114C1FEFC46600E77EAD /* Concentration */,
				A49311601FEFC46600E77EAD /* ConcentrationTests */,
				A493116B1FEFC46600E77EAD /* ConcentrationUITests */,
			);
		};
/* End PBXProject section */

/* Begin PBXResourcesBuildPhase section */
		A493114B1FEFC46600E77EAD /* Resources */ = {
			isa = PBXResourcesBuildPhase;
			buildActionMask = 2147483647;
			files = (
				A493115B1FEFC46600E77EAD /* LaunchScreen.storyboard in Resources */,
				A49311581FEFC46600E77EAD /* Assets.xcassets in Resources */,
				A49311561FEFC46600E77EAD /* Main.storyboard in Resources */,
			);
			runOnlyForDeploymentPostprocessing = 0;
		};
		A493115F1FEFC46600E77EAD /* Resources */ = {
			isa = PBXResourcesBuildPhase;
			buildActionMask = 2147483647;
			files = (
			);
			runOnlyForDeploymentPostprocessing = 0;
		};
		A493116A1FEFC46600E77EAD /* Resources */ = {
			isa = PBXResourcesBuildPhase;
			buildActionMask = 2147483647;
			files = (
			);
			runOnlyForDeploymentPostprocessing = 0;
		};
/* End PBXResourcesBuildPhase section */

/* Begin PBXSourcesBuildPhase section */
		A49311491FEFC46600E77EAD /* Sources */ = {
			isa = PBXSourcesBuildPhase;
			buildActionMask = 2147483647;
			files = (
				A49311531FEFC46600E77EAD /* ViewController.swift in Sources */,
				A49311511FEFC46600E77EAD /* AppDelegate.swift in Sources */,
				A4E8F96E1FF93DAE00502E73 /* Concentration.swift in Sources */,
				A48A355D21D01849002C70A1 /* Card.swift in Sources */,
			);
			runOnlyForDeploymentPostprocessing = 0;
		};
		A493115D1FEFC46600E77EAD /* Sources */ = {
			isa = PBXSourcesBuildPhase;
			buildActionMask = 2147483647;
			files = (
				A49311661FEFC46600E77EAD /* ConcentrationTests.swift in Sources */,
			);
			runOnlyForDeploymentPostprocessing = 0;
		};
		A49311681FEFC46600E77EAD /* Sources */ = {
			isa = PBXSourcesBuildPhase;
			buildActionMask = 2147483647;
			files = (
				A49311711FEFC46600E77EAD /* ConcentrationUITests.swift in Sources */,
			);
			runOnlyForDeploymentPostprocessing = 0;
		};
/* End PBXSourcesBuildPhase section */

/* Begin PBXTargetDependency section */
		A49311631FEFC46600E77EAD /* PBXTargetDependency */ = {
			isa = PBXTargetDependency;
			target = A493114C1FEFC46600E77EAD /* Concentration */;
			targetProxy = A49311621FEFC46600E77EAD /* PBXContainerItemProxy */;
		};
		A493116E1FEFC46600E77EAD /* PBXTargetDependency */ = {
			isa = PBXTargetDependency;
			target = A493114C1FEFC46600E77EAD /* Concentration */;
			targetProxy = A493116D1FEFC46600E77EAD /* PBXContainerItemProxy */;
		};
/* End PBXTargetDependency section */

/* Begin PBXVariantGroup section */
		A49311541FEFC46600E77EAD /* Main.storyboard */ = {
			isa = PBXVariantGroup;
			children = (
				A49311551FEFC46600E77EAD /* Base */,
			);
			name = Main.storyboard;
			sourceTree = "<group>";
		};
		A49311591FEFC46600E77EAD /* LaunchScreen.storyboard */ = {
			isa = PBXVariantGroup;
			children = (
				A493115A1FEFC46600E77EAD /* Base */,
			);
			name = LaunchScreen.storyboard;
			sourceTree = "<group>";
		};
/* End PBXVariantGroup section */

/* Begin XCBuildConfiguration section */
		A49311731FEFC46600E77EAD /* Debug */ = {
			isa = XCBuildConfiguration;
			buildSettings = {
				ALWAYS_SEARCH_USER_PATHS = NO;
				CLANG_ANALYZER_NONNULL = YES;
				CLANG_ANALYZER_NUMBER_OBJECT_CONVERSION = YES_AGGRESSIVE;
				CLANG_CXX_LANGUAGE_STANDARD = "gnu++14";
				CLANG_CXX_LIBRARY = "libc++";
				CLANG_ENABLE_MODULES = YES;
				CLANG_ENABLE_OBJC_ARC = YES;
				CLANG_WARN_BLOCK_CAPTURE_AUTORELEASING = YES;
				CLANG_WARN_BOOL_CONVERSION = YES;
				CLANG_WARN_COMMA = YES;
				CLANG_WARN_CONSTANT_CONVERSION = YES;
				CLANG_WARN_DEPRECATED_OBJC_IMPLEMENTATIONS = YES;
				CLANG_WARN_DIRECT_OBJC_ISA_USAGE = YES_ERROR;
				CLANG_WARN_DOCUMENTATION_COMMENTS = YES;
				CLANG_WARN_EMPTY_BODY = YES;
				CLANG_WARN_ENUM_CONVERSION = YES;
				CLANG_WARN_INFINITE_RECURSION = YES;
				CLANG_WARN_INT_CONVERSION = YES;
				CLANG_WARN_NON_LITERAL_NULL_CONVERSION = YES;
				CLANG_WARN_OBJC_IMPLICIT_RETAIN_SELF = YES;
				CLANG_WARN_OBJC_LITERAL_CONVERSION = YES;
				CLANG_WARN_OBJC_ROOT_CLASS = YES_ERROR;
				CLANG_WARN_RANGE_LOOP_ANALYSIS = YES;
				CLANG_WARN_STRICT_PROTOTYPES = YES;
				CLANG_WARN_SUSPICIOUS_MOVE = YES;
				CLANG_WARN_UNGUARDED_AVAILABILITY = YES_AGGRESSIVE;
				CLANG_WARN_UNREACHABLE_CODE = YES;
				CLANG_WARN__DUPLICATE_METHOD_MATCH = YES;
				CODE_SIGN_IDENTITY = "iPhone Developer";
				COPY_PHASE_STRIP = NO;
				DEBUG_INFORMATION_FORMAT = dwarf;
				ENABLE_STRICT_OBJC_MSGSEND = YES;
				ENABLE_TESTABILITY = YES;
				GCC_C_LANGUAGE_STANDARD = gnu11;
				GCC_DYNAMIC_NO_PIC = NO;
				GCC_NO_COMMON_BLOCKS = YES;
				GCC_OPTIMIZATION_LEVEL = 0;
				GCC_PREPROCESSOR_DEFINITIONS = (
					"DEBUG=1",
					"$(inherited)",
				);
				GCC_WARN_64_TO_32_BIT_CONVERSION = YES;
				GCC_WARN_ABOUT_RETURN_TYPE = YES_ERROR;
				GCC_WARN_UNDECLARED_SELECTOR = YES;
				GCC_WARN_UNINITIALIZED_AUTOS = YES_AGGRESSIVE;
				GCC_WARN_UNUSED_FUNCTION = YES;
				GCC_WARN_UNUSED_VARIABLE = YES;
				IPHONEOS_DEPLOYMENT_TARGET = 11.2;
				MTL_ENABLE_DEBUG_INFO = YES;
				ONLY_ACTIVE_ARCH = YES;
				SDKROOT = iphoneos;
				SWIFT_ACTIVE_COMPILATION_CONDITIONS = DEBUG;
				SWIFT_OPTIMIZATION_LEVEL = "-Onone";
			};
			name = Debug;
		};
		A49311741FEFC46600E77EAD /* Release */ = {
			isa = XCBuildConfiguration;
			buildSettings = {
				ALWAYS_SEARCH_USER_PATHS = NO;
				CLANG_ANALYZER_NONNULL = YES;
				CLANG_ANALYZER_NUMBER_OBJECT_CONVERSION = YES_AGGRESSIVE;
				CLANG_CXX_LANGUAGE_STANDARD = "gnu++14";
				CLANG_CXX_LIBRARY = "libc++";
				CLANG_ENABLE_MODULES = YES;
				CLANG_ENABLE_OBJC_ARC = YES;
				CLANG_WARN_BLOCK_CAPTURE_AUTORELEASING = YES;
				CLANG_WARN_BOOL_CONVERSION = YES;
				CLANG_WARN_COMMA = YES;
				CLANG_WARN_CONSTANT_CONVERSION = YES;
				CLANG_WARN_DEPRECATED_OBJC_IMPLEMENTATIONS = YES;
				CLANG_WARN_DIRECT_OBJC_ISA_USAGE = YES_ERROR;
				CLANG_WARN_DOCUMENTATION_COMMENTS = YES;
				CLANG_WARN_EMPTY_BODY = YES;
				CLANG_WARN_ENUM_CONVERSION = YES;
				CLANG_WARN_INFINITE_RECURSION = YES;
				CLANG_WARN_INT_CONVERSION = YES;
				CLANG_WARN_NON_LITERAL_NULL_CONVERSION = YES;
				CLANG_WARN_OBJC_IMPLICIT_RETAIN_SELF = YES;
				CLANG_WARN_OBJC_LITERAL_CONVERSION = YES;
				CLANG_WARN_OBJC_ROOT_CLASS = YES_ERROR;
				CLANG_WARN_RANGE_LOOP_ANALYSIS = YES;
				CLANG_WARN_STRICT_PROTOTYPES = YES;
				CLANG_WARN_SUSPICIOUS_MOVE = YES;
				CLANG_WARN_UNGUARDED_AVAILABILITY = YES_AGGRESSIVE;
				CLANG_WARN_UNREACHABLE_CODE = YES;
				CLANG_WARN__DUPLICATE_METHOD_MATCH = YES;
				CODE_SIGN_IDENTITY = "iPhone Developer";
				COPY_PHASE_STRIP = NO;
				DEBUG_INFORMATION_FORMAT = "dwarf-with-dsym";
				ENABLE_NS_ASSERTIONS = NO;
				ENABLE_STRICT_OBJC_MSGSEND = YES;
				GCC_C_LANGUAGE_STANDARD = gnu11;
				GCC_NO_COMMON_BLOCKS = YES;
				GCC_WARN_64_TO_32_BIT_CONVERSION = YES;
				GCC_WARN_ABOUT_RETURN_TYPE = YES_ERROR;
				GCC_WARN_UNDECLARED_SELECTOR = YES;
				GCC_WARN_UNINITIALIZED_AUTOS = YES_AGGRESSIVE;
				GCC_WARN_UNUSED_FUNCTION = YES;
				GCC_WARN_UNUSED_VARIABLE = YES;
				IPHONEOS_DEPLOYMENT_TARGET = 11.2;
				MTL_ENABLE_DEBUG_INFO = NO;
				SDKROOT = iphoneos;
				SWIFT_OPTIMIZATION_LEVEL = "-Owholemodule";
				VALIDATE_PRODUCT = YES;
			};
			name = Release;
		};
		A49311761FEFC46600E77EAD /* Debug */ = {
			isa = XCBuildConfiguration;
			buildSettings = {
				ASSETCATALOG_COMPILER_APPICON_NAME = AppIcon;
				CODE_SIGN_STYLE = Automatic;
				DEVELOPMENT_TEAM = 29GS565N7V;
				INFOPLIST_FILE = Concentration/Info.plist;
				LD_RUNPATH_SEARCH_PATHS = "$(inherited) @executable_path/Frameworks";
				PRODUCT_BUNDLE_IDENTIFIER = mitko.Concentration;
				PRODUCT_NAME = "$(TARGET_NAME)";
				SWIFT_VERSION = 4.2;
				TARGETED_DEVICE_FAMILY = "1,2";
			};
			name = Debug;
		};
		A49311771FEFC46600E77EAD /* Release */ = {
			isa = XCBuildConfiguration;
			buildSettings = {
				ASSETCATALOG_COMPILER_APPICON_NAME = AppIcon;
				CODE_SIGN_STYLE = Automatic;
				DEVELOPMENT_TEAM = 29GS565N7V;
				INFOPLIST_FILE = Concentration/Info.plist;
				LD_RUNPATH_SEARCH_PATHS = "$(inherited) @executable_path/Frameworks";
				PRODUCT_BUNDLE_IDENTIFIER = mitko.Concentration;
				PRODUCT_NAME = "$(TARGET_NAME)";
				SWIFT_VERSION = 4.2;
				TARGETED_DEVICE_FAMILY = "1,2";
			};
			name = Release;
		};
		A49311791FEFC46600E77EAD /* Debug */ = {
			isa = XCBuildConfiguration;
			buildSettings = {
				ALWAYS_EMBED_SWIFT_STANDARD_LIBRARIES = YES;
				BUNDLE_LOADER = "$(TEST_HOST)";
				CODE_SIGN_STYLE = Automatic;
				DEVELOPMENT_TEAM = 29GS565N7V;
				INFOPLIST_FILE = ConcentrationTests/Info.plist;
				LD_RUNPATH_SEARCH_PATHS = "$(inherited) @executable_path/Frameworks @loader_path/Frameworks";
				PRODUCT_BUNDLE_IDENTIFIER = mitko.ConcentrationTests;
				PRODUCT_NAME = "$(TARGET_NAME)";
				SWIFT_VERSION = 4.2;
				TARGETED_DEVICE_FAMILY = "1,2";
				TEST_HOST = "$(BUILT_PRODUCTS_DIR)/Concentration.app/Concentration";
			};
			name = Debug;
		};
		A493117A1FEFC46600E77EAD /* Release */ = {
			isa = XCBuildConfiguration;
			buildSettings = {
				ALWAYS_EMBED_SWIFT_STANDARD_LIBRARIES = YES;
				BUNDLE_LOADER = "$(TEST_HOST)";
				CODE_SIGN_STYLE = Automatic;
				DEVELOPMENT_TEAM = 29GS565N7V;
				INFOPLIST_FILE = ConcentrationTests/Info.plist;
				LD_RUNPATH_SEARCH_PATHS = "$(inherited) @executable_path/Frameworks @loader_path/Frameworks";
				PRODUCT_BUNDLE_IDENTIFIER = mitko.ConcentrationTests;
				PRODUCT_NAME = "$(TARGET_NAME)";
				SWIFT_VERSION = 4.2;
				TARGETED_DEVICE_FAMILY = "1,2";
				TEST_HOST = "$(BUILT_PRODUCTS_DIR)/Concentration.app/Concentration";
			};
			name = Release;
		};
		A493117C1FEFC46600E77EAD /* Debug */ = {
			isa = XCBuildConfiguration;
			buildSettings = {
				ALWAYS_EMBED_SWIFT_STANDARD_LIBRARIES = YES;
				CODE_SIGN_STYLE = Automatic;
				DEVELOPMENT_TEAM = 29GS565N7V;
				INFOPLIST_FILE = ConcentrationUITests/Info.plist;
				LD_RUNPATH_SEARCH_PATHS = "$(inherited) @executable_path/Frameworks @loader_path/Frameworks";
				PRODUCT_BUNDLE_IDENTIFIER = mitko.ConcentrationUITests;
				PRODUCT_NAME = "$(TARGET_NAME)";
				SWIFT_VERSION = 4.2;
				TARGETED_DEVICE_FAMILY = "1,2";
				TEST_TARGET_NAME = Concentration;
			};
			name = Debug;
		};
		A493117D1FEFC46600E77EAD /* Release */ = {
			isa = XCBuildConfiguration;
			buildSettings = {
				ALWAYS_EMBED_SWIFT_STANDARD_LIBRARIES = YES;
				CODE_SIGN_STYLE = Automatic;
				DEVELOPMENT_TEAM = 29GS565N7V;
				INFOPLIST_FILE = ConcentrationUITests/Info.plist;
				LD_RUNPATH_SEARCH_PATHS = "$(inherited) @executable_path/Frameworks @loader_path/Frameworks";
				PRODUCT_BUNDLE_IDENTIFIER = mitko.ConcentrationUITests;
				PRODUCT_NAME = "$(TARGET_NAME)";
				SWIFT_VERSION = 4.2;
				TARGETED_DEVICE_FAMILY = "1,2";
				TEST_TARGET_NAME = Concentration;
			};
			name = Release;
		};
/* End XCBuildConfiguration section */

/* Begin XCConfigurationList section */
		A49311481FEFC46600E77EAD /* Build configuration list for PBXProject "Concentration" */ = {
			isa = XCConfigurationList;
			buildConfigurations = (
				A49311731FEFC46600E77EAD /* Debug */,
				A49311741FEFC46600E77EAD /* Release */,
			);
			defaultConfigurationIsVisible = 0;
			defaultConfigurationName = Release;
		};
		A49311751FEFC46600E77EAD /* Build configuration list for PBXNativeTarget "Concentration" */ = {
			isa = XCConfigurationList;
			buildConfigurations = (
				A49311761FEFC46600E77EAD /* Debug */,
				A49311771FEFC46600E77EAD /* Release */,
			);
			defaultConfigurationIsVisible = 0;
			defaultConfigurationName = Release;
		};
		A49311781FEFC46600E77EAD /* Build configuration list for PBXNativeTarget "ConcentrationTests" */ = {
			isa = XCConfigurationList;
			buildConfigurations = (
				A49311791FEFC46600E77EAD /* Debug */,
				A493117A1FEFC46600E77EAD /* Release */,
			);
			defaultConfigurationIsVisible = 0;
			defaultConfigurationName = Release;
		};
		A493117B1FEFC46600E77EAD /* Build configuration list for PBXNativeTarget "ConcentrationUITests" */ = {
			isa = XCConfigurationList;
			buildConfigurations = (
				A493117C1FEFC46600E77EAD /* Debug */,
				A493117D1FEFC46600E77EAD /* Release */,
			);
			defaultConfigurationIsVisible = 0;
			defaultConfigurationName = Release;
		};
/* End XCConfigurationList section */
	};
	rootObject = A49311451FEFC46600E77EAD /* Project object */;
}
